// !$*UTF8*$!
{
	archiveVersion = 1;
	classes = {
	};
	objectVersion = 46;
	objects = {

/* Begin PBXBuildFile section */
		851A76DE18F8252E0000252E /* Foundation.framework in Frameworks */ = {isa = PBXBuildFile; fileRef = 851A76DD18F8252E0000252E /* Foundation.framework */; };
		851A76E018F8252E0000252E /* CoreGraphics.framework in Frameworks */ = {isa = PBXBuildFile; fileRef = 851A76DF18F8252E0000252E /* CoreGraphics.framework */; };
		851A76E218F8252E0000252E /* UIKit.framework in Frameworks */ = {isa = PBXBuildFile; fileRef = 851A76E118F8252E0000252E /* UIKit.framework */; };
		851A76E818F8252E0000252E /* InfoPlist.strings in Resources */ = {isa = PBXBuildFile; fileRef = 851A76E618F8252E0000252E /* InfoPlist.strings */; };
		851A76EA18F8252E0000252E /* main.m in Sources */ = {isa = PBXBuildFile; fileRef = 851A76E918F8252E0000252E /* main.m */; };
		851A76EE18F8252E0000252E /* AppDelegate.m in Sources */ = {isa = PBXBuildFile; fileRef = 851A76ED18F8252E0000252E /* AppDelegate.m */; };
		851A76F118F8252E0000252E /* Main.storyboard in Resources */ = {isa = PBXBuildFile; fileRef = 851A76EF18F8252E0000252E /* Main.storyboard */; };
		851A76F418F8252E0000252E /* ViewController.m in Sources */ = {isa = PBXBuildFile; fileRef = 851A76F318F8252E0000252E /* ViewController.m */; };
		851A76F618F8252E0000252E /* Images.xcassets in Resources */ = {isa = PBXBuildFile; fileRef = 851A76F518F8252E0000252E /* Images.xcassets */; };
		851A76FD18F8252E0000252E /* XCTest.framework in Frameworks */ = {isa = PBXBuildFile; fileRef = 851A76FC18F8252E0000252E /* XCTest.framework */; };
		851A76FE18F8252E0000252E /* Foundation.framework in Frameworks */ = {isa = PBXBuildFile; fileRef = 851A76DD18F8252E0000252E /* Foundation.framework */; };
		851A76FF18F8252E0000252E /* UIKit.framework in Frameworks */ = {isa = PBXBuildFile; fileRef = 851A76E118F8252E0000252E /* UIKit.framework */; };
		851A770718F8252E0000252E /* InfoPlist.strings in Resources */ = {isa = PBXBuildFile; fileRef = 851A770518F8252E0000252E /* InfoPlist.strings */; };
		851A770918F8252E0000252E /* ScannerTests.m in Sources */ = {isa = PBXBuildFile; fileRef = 851A770818F8252E0000252E /* ScannerTests.m */; };
/* End PBXBuildFile section */

/* Begin PBXContainerItemProxy section */
		851A770018F8252E0000252E /* PBXContainerItemProxy */ = {
			isa = PBXContainerItemProxy;
			containerPortal = 851A76D218F8252E0000252E /* Project object */;
			proxyType = 1;
			remoteGlobalIDString = 851A76D918F8252E0000252E;
			remoteInfo = Scanner;
		};
/* End PBXContainerItemProxy section */

/* Begin PBXFileReference section */
		851A76DA18F8252E0000252E /* Scanner.app */ = {isa = PBXFileReference; explicitFileType = wrapper.application; includeInIndex = 0; path = Scanner.app; sourceTree = BUILT_PRODUCTS_DIR; };
		851A76DD18F8252E0000252E /* Foundation.framework */ = {isa = PBXFileReference; lastKnownFileType = wrapper.framework; name = Foundation.framework; path = System/Library/Frameworks/Foundation.framework; sourceTree = SDKROOT; };
		851A76DF18F8252E0000252E /* CoreGraphics.framework */ = {isa = PBXFileReference; lastKnownFileType = wrapper.framework; name = CoreGraphics.framework; path = System/Library/Frameworks/CoreGraphics.framework; sourceTree = SDKROOT; };
		851A76E118F8252E0000252E /* UIKit.framework */ = {isa = PBXFileReference; lastKnownFileType = wrapper.framework; name = UIKit.framework; path = System/Library/Frameworks/UIKit.framework; sourceTree = SDKROOT; };
		851A76E518F8252E0000252E /* Scanner-Info.plist */ = {isa = PBXFileReference; lastKnownFileType = text.plist.xml; path = "Scanner-Info.plist"; sourceTree = "<group>"; };
		851A76E718F8252E0000252E /* en */ = {isa = PBXFileReference; lastKnownFileType = text.plist.strings; name = en; path = en.lproj/InfoPlist.strings; sourceTree = "<group>"; };
		851A76E918F8252E0000252E /* main.m */ = {isa = PBXFileReference; lastKnownFileType = sourcecode.c.objc; path = main.m; sourceTree = "<group>"; };
		851A76EB18F8252E0000252E /* Scanner-Prefix.pch */ = {isa = PBXFileReference; lastKnownFileType = sourcecode.c.h; path = "Scanner-Prefix.pch"; sourceTree = "<group>"; };
		851A76EC18F8252E0000252E /* AppDelegate.h */ = {isa = PBXFileReference; lastKnownFileType = sourcecode.c.h; path = AppDelegate.h; sourceTree = "<group>"; };
		851A76ED18F8252E0000252E /* AppDelegate.m */ = {isa = PBXFileReference; lastKnownFileType = sourcecode.c.objc; path = AppDelegate.m; sourceTree = "<group>"; };
		851A76F018F8252E0000252E /* Base */ = {isa = PBXFileReference; lastKnownFileType = file.storyboard; name = Base; path = Base.lproj/Main.storyboard; sourceTree = "<group>"; };
		851A76F218F8252E0000252E /* ViewController.h */ = {isa = PBXFileReference; lastKnownFileType = sourcecode.c.h; path = ViewController.h; sourceTree = "<group>"; };
		851A76F318F8252E0000252E /* ViewController.m */ = {isa = PBXFileReference; lastKnownFileType = sourcecode.c.objc; path = ViewController.m; sourceTree = "<group>"; };
		851A76F518F8252E0000252E /* Images.xcassets */ = {isa = PBXFileReference; lastKnownFileType = folder.assetcatalog; path = Images.xcassets; sourceTree = "<group>"; };
		851A76FB18F8252E0000252E /* ScannerTests.xctest */ = {isa = PBXFileReference; explicitFileType = wrapper.cfbundle; includeInIndex = 0; path = ScannerTests.xctest; sourceTree = BUILT_PRODUCTS_DIR; };
		851A76FC18F8252E0000252E /* XCTest.framework */ = {isa = PBXFileReference; lastKnownFileType = wrapper.framework; name = XCTest.framework; path = Library/Frameworks/XCTest.framework; sourceTree = DEVELOPER_DIR; };
		851A770418F8252E0000252E /* ScannerTests-Info.plist */ = {isa = PBXFileReference; lastKnownFileType = text.plist.xml; path = "ScannerTests-Info.plist"; sourceTree = "<group>"; };
		851A770618F8252E0000252E /* en */ = {isa = PBXFileReference; lastKnownFileType = text.plist.strings; name = en; path = en.lproj/InfoPlist.strings; sourceTree = "<group>"; };
		851A770818F8252E0000252E /* ScannerTests.m */ = {isa = PBXFileReference; lastKnownFileType = sourcecode.c.objc; path = ScannerTests.m; sourceTree = "<group>"; };
/* End PBXFileReference section */

/* Begin PBXFrameworksBuildPhase section */
		851A76D718F8252E0000252E /* Frameworks */ = {
			isa = PBXFrameworksBuildPhase;
			buildActionMask = 2147483647;
			files = (
				851A76E018F8252E0000252E /* CoreGraphics.framework in Frameworks */,
				851A76E218F8252E0000252E /* UIKit.framework in Frameworks */,
				851A76DE18F8252E0000252E /* Foundation.framework in Frameworks */,
			);
			runOnlyForDeploymentPostprocessing = 0;
		};
		851A76F818F8252E0000252E /* Frameworks */ = {
			isa = PBXFrameworksBuildPhase;
			buildActionMask = 2147483647;
			files = (
				851A76FD18F8252E0000252E /* XCTest.framework in Frameworks */,
				851A76FF18F8252E0000252E /* UIKit.framework in Frameworks */,
				851A76FE18F8252E0000252E /* Foundation.framework in Frameworks */,
			);
			runOnlyForDeploymentPostprocessing = 0;
		};
/* End PBXFrameworksBuildPhase section */

/* Begin PBXGroup section */
		851A76D118F8252E0000252E = {
			isa = PBXGroup;
			children = (
				851A76E318F8252E0000252E /* Scanner */,
				851A770218F8252E0000252E /* ScannerTests */,
				851A76DC18F8252E0000252E /* Frameworks */,
				851A76DB18F8252E0000252E /* Products */,
			);
			sourceTree = "<group>";
		};
		851A76DB18F8252E0000252E /* Products */ = {
			isa = PBXGroup;
			children = (
				851A76DA18F8252E0000252E /* Scanner.app */,
				851A76FB18F8252E0000252E /* ScannerTests.xctest */,
			);
			name = Products;
			sourceTree = "<group>";
		};
		851A76DC18F8252E0000252E /* Frameworks */ = {
			isa = PBXGroup;
			children = (
				851A76DD18F8252E0000252E /* Foundation.framework */,
				851A76DF18F8252E0000252E /* CoreGraphics.framework */,
				851A76E118F8252E0000252E /* UIKit.framework */,
				851A76FC18F8252E0000252E /* XCTest.framework */,
			);
			name = Frameworks;
			sourceTree = "<group>";
		};
		851A76E318F8252E0000252E /* Scanner */ = {
			isa = PBXGroup;
			children = (
				851A76EC18F8252E0000252E /* AppDelegate.h */,
				851A76ED18F8252E0000252E /* AppDelegate.m */,
				851A76EF18F8252E0000252E /* Main.storyboard */,
				851A76F218F8252E0000252E /* ViewController.h */,
				851A76F318F8252E0000252E /* ViewController.m */,
				851A76F518F8252E0000252E /* Images.xcassets */,
				851A76E418F8252E0000252E /* Supporting Files */,
			);
			path = Scanner;
			sourceTree = "<group>";
		};
		851A76E418F8252E0000252E /* Supporting Files */ = {
			isa = PBXGroup;
			children = (
				851A76E518F8252E0000252E /* Scanner-Info.plist */,
				851A76E618F8252E0000252E /* InfoPlist.strings */,
				851A76E918F8252E0000252E /* main.m */,
				851A76EB18F8252E0000252E /* Scanner-Prefix.pch */,
			);
			name = "Supporting Files";
			sourceTree = "<group>";
		};
		851A770218F8252E0000252E /* ScannerTests */ = {
			isa = PBXGroup;
			children = (
				851A770818F8252E0000252E /* ScannerTests.m */,
				851A770318F8252E0000252E /* Supporting Files */,
			);
			path = ScannerTests;
			sourceTree = "<group>";
		};
		851A770318F8252E0000252E /* Supporting Files */ = {
			isa = PBXGroup;
			children = (
				851A770418F8252E0000252E /* ScannerTests-Info.plist */,
				851A770518F8252E0000252E /* InfoPlist.strings */,
			);
			name = "Supporting Files";
			sourceTree = "<group>";
		};
/* End PBXGroup section */

/* Begin PBXNativeTarget section */
		851A76D918F8252E0000252E /* Scanner */ = {
			isa = PBXNativeTarget;
			buildConfigurationList = 851A770C18F8252E0000252E /* Build configuration list for PBXNativeTarget "Scanner" */;
			buildPhases = (
				851A76D618F8252E0000252E /* Sources */,
				851A76D718F8252E0000252E /* Frameworks */,
				851A76D818F8252E0000252E /* Resources */,
			);
			buildRules = (
			);
			dependencies = (
			);
			name = Scanner;
			productName = Scanner;
			productReference = 851A76DA18F8252E0000252E /* Scanner.app */;
			productType = "com.apple.product-type.application";
		};
		851A76FA18F8252E0000252E /* ScannerTests */ = {
			isa = PBXNativeTarget;
			buildConfigurationList = 851A770F18F8252E0000252E /* Build configuration list for PBXNativeTarget "ScannerTests" */;
			buildPhases = (
				851A76F718F8252E0000252E /* Sources */,
				851A76F818F8252E0000252E /* Frameworks */,
				851A76F918F8252E0000252E /* Resources */,
			);
			buildRules = (
			);
			dependencies = (
				851A770118F8252E0000252E /* PBXTargetDependency */,
			);
			name = ScannerTests;
			productName = ScannerTests;
			productReference = 851A76FB18F8252E0000252E /* ScannerTests.xctest */;
			productType = "com.apple.product-type.bundle.unit-test";
		};
/* End PBXNativeTarget section */

/* Begin PBXProject section */
		851A76D218F8252E0000252E /* Project object */ = {
			isa = PBXProject;
			attributes = {
				LastUpgradeCheck = 0510;
				ORGANIZATIONNAME = JackyShen;
				TargetAttributes = {
					851A76FA18F8252E0000252E = {
						TestTargetID = 851A76D918F8252E0000252E;
					};
				};
			};
			buildConfigurationList = 851A76D518F8252E0000252E /* Build configuration list for PBXProject "Scanner" */;
			compatibilityVersion = "Xcode 3.2";
			developmentRegion = English;
			hasScannedForEncodings = 0;
			knownRegions = (
				en,
				Base,
			);
			mainGroup = 851A76D118F8252E0000252E;
			productRefGroup = 851A76DB18F8252E0000252E /* Products */;
			projectDirPath = "";
			projectRoot = "";
			targets = (
				851A76D918F8252E0000252E /* Scanner */,
				851A76FA18F8252E0000252E /* ScannerTests */,
			);
		};
/* End PBXProject section */

/* Begin PBXResourcesBuildPhase section */
		851A76D818F8252E0000252E /* Resources */ = {
			isa = PBXResourcesBuildPhase;
			buildActionMask = 2147483647;
			files = (
				851A76F618F8252E0000252E /* Images.xcassets in Resources */,
				851A76E818F8252E0000252E /* InfoPlist.strings in Resources */,
				851A76F118F8252E0000252E /* Main.storyboard in Resources */,
			);
			runOnlyForDeploymentPostprocessing = 0;
		};
		851A76F918F8252E0000252E /* Resources */ = {
			isa = PBXResourcesBuildPhase;
			buildActionMask = 2147483647;
			files = (
				851A770718F8252E0000252E /* InfoPlist.strings in Resources */,
			);
			runOnlyForDeploymentPostprocessing = 0;
		};
/* End PBXResourcesBuildPhase section */

/* Begin PBXSourcesBuildPhase section */
		851A76D618F8252E0000252E /* Sources */ = {
			isa = PBXSourcesBuildPhase;
			buildActionMask = 2147483647;
			files = (
				851A76F418F8252E0000252E /* ViewController.m in Sources */,
				851A76EE18F8252E0000252E /* AppDelegate.m in Sources */,
				851A76EA18F8252E0000252E /* main.m in Sources */,
			);
			runOnlyForDeploymentPostprocessing = 0;
		};
		851A76F718F8252E0000252E /* Sources */ = {
			isa = PBXSourcesBuildPhase;
			buildActionMask = 2147483647;
			files = (
				851A770918F8252E0000252E /* ScannerTests.m in Sources */,
			);
			runOnlyForDeploymentPostprocessing = 0;
		};
/* End PBXSourcesBuildPhase section */

/* Begin PBXTargetDependency section */
		851A770118F8252E0000252E /* PBXTargetDependency */ = {
			isa = PBXTargetDependency;
			target = 851A76D918F8252E0000252E /* Scanner */;
			targetProxy = 851A770018F8252E0000252E /* PBXContainerItemProxy */;
		};
/* End PBXTargetDependency section */

/* Begin PBXVariantGroup section */
		851A76E618F8252E0000252E /* InfoPlist.strings */ = {
			isa = PBXVariantGroup;
			children = (
				851A76E718F8252E0000252E /* en */,
			);
			name = InfoPlist.strings;
			sourceTree = "<group>";
		};
		851A76EF18F8252E0000252E /* Main.storyboard */ = {
			isa = PBXVariantGroup;
			children = (
				851A76F018F8252E0000252E /* Base */,
			);
			name = Main.storyboard;
			sourceTree = "<group>";
		};
		851A770518F8252E0000252E /* InfoPlist.strings */ = {
			isa = PBXVariantGroup;
			children = (
				851A770618F8252E0000252E /* en */,
			);
			name = InfoPlist.strings;
			sourceTree = "<group>";
		};
/* End PBXVariantGroup section */

/* Begin XCBuildConfiguration section */
		851A770A18F8252E0000252E /* Debug */ = {
			isa = XCBuildConfiguration;
			buildSettings = {
				ALWAYS_SEARCH_USER_PATHS = NO;
				CLANG_CXX_LANGUAGE_STANDARD = "gnu++0x";
				CLANG_CXX_LIBRARY = "libc++";
				CLANG_ENABLE_MODULES = YES;
				CLANG_ENABLE_OBJC_ARC = YES;
				CLANG_WARN_BOOL_CONVERSION = YES;
				CLANG_WARN_CONSTANT_CONVERSION = YES;
				CLANG_WARN_DIRECT_OBJC_ISA_USAGE = YES_ERROR;
				CLANG_WARN_EMPTY_BODY = YES;
				CLANG_WARN_ENUM_CONVERSION = YES;
				CLANG_WARN_INT_CONVERSION = YES;
				CLANG_WARN_OBJC_ROOT_CLASS = YES_ERROR;
				CLANG_WARN__DUPLICATE_METHOD_MATCH = YES;
				"CODE_SIGN_IDENTITY[sdk=iphoneos*]" = "iPhone Developer";
				COPY_PHASE_STRIP = NO;
				GCC_C_LANGUAGE_STANDARD = gnu99;
				GCC_DYNAMIC_NO_PIC = NO;
				GCC_OPTIMIZATION_LEVEL = 0;
				GCC_PREPROCESSOR_DEFINITIONS = (
					"DEBUG=1",
					"$(inherited)",
				);
				GCC_SYMBOLS_PRIVATE_EXTERN = NO;
				GCC_WARN_64_TO_32_BIT_CONVERSION = YES;
				GCC_WARN_ABOUT_RETURN_TYPE = YES_ERROR;
				GCC_WARN_UNDECLARED_SELECTOR = YES;
				GCC_WARN_UNINITIALIZED_AUTOS = YES_AGGRESSIVE;
				GCC_WARN_UNUSED_FUNCTION = YES;
				GCC_WARN_UNUSED_VARIABLE = YES;
				IPHONEOS_DEPLOYMENT_TARGET = 7.1;
				ONLY_ACTIVE_ARCH = YES;
				SDKROOT = iphoneos;
			};
			name = Debug;
		};
		851A770B18F8252E0000252E /* Release */ = {
			isa = XCBuildConfiguration;
			buildSettings = {
				ALWAYS_SEARCH_USER_PATHS = NO;
				CLANG_CXX_LANGUAGE_STANDARD = "gnu++0x";
				CLANG_CXX_LIBRARY = "libc++";
				CLANG_ENABLE_MODULES = YES;
				CLANG_ENABLE_OBJC_ARC = YES;
				CLANG_WARN_BOOL_CONVERSION = YES;
				CLANG_WARN_CONSTANT_CONVERSION = YES;
				CLANG_WARN_DIRECT_OBJC_ISA_USAGE = YES_ERROR;
				CLANG_WARN_EMPTY_BODY = YES;
				CLANG_WARN_ENUM_CONVERSION = YES;
				CLANG_WARN_INT_CONVERSION = YES;
				CLANG_WARN_OBJC_ROOT_CLASS = YES_ERROR;
				CLANG_WARN__DUPLICATE_METHOD_MATCH = YES;
				"CODE_SIGN_IDENTITY[sdk=iphoneos*]" = "iPhone Developer";
				COPY_PHASE_STRIP = YES;
				ENABLE_NS_ASSERTIONS = NO;
				GCC_C_LANGUAGE_STANDARD = gnu99;
				GCC_WARN_64_TO_32_BIT_CONVERSION = YES;
				GCC_WARN_ABOUT_RETURN_TYPE = YES_ERROR;
				GCC_WARN_UNDECLARED_SELECTOR = YES;
				GCC_WARN_UNINITIALIZED_AUTOS = YES_AGGRESSIVE;
				GCC_WARN_UNUSED_FUNCTION = YES;
				GCC_WARN_UNUSED_VARIABLE = YES;
				IPHONEOS_DEPLOYMENT_TARGET = 7.1;
				SDKROOT = iphoneos;
				VALIDATE_PRODUCT = YES;
			};
			name = Release;
		};
		851A770D18F8252E0000252E /* Debug */ = {
			isa = XCBuildConfiguration;
			buildSettings = {
				ASSETCATALOG_COMPILER_APPICON_NAME = AppIcon;
				ASSETCATALOG_COMPILER_LAUNCHIMAGE_NAME = LaunchImage;
				GCC_PRECOMPILE_PREFIX_HEADER = YES;
				GCC_PREFIX_HEADER = "Scanner/Scanner-Prefix.pch";
				INFOPLIST_FILE = "Scanner/Scanner-Info.plist";
				PRODUCT_NAME = "$(TARGET_NAME)";
				WRAPPER_EXTENSION = app;
			};
			name = Debug;
		};
		851A770E18F8252E0000252E /* Release */ = {
			isa = XCBuildConfiguration;
			buildSettings = {
				ASSETCATALOG_COMPILER_APPICON_NAME = AppIcon;
				ASSETCATALOG_COMPILER_LAUNCHIMAGE_NAME = LaunchImage;
				GCC_PRECOMPILE_PREFIX_HEADER = YES;
				GCC_PREFIX_HEADER = "Scanner/Scanner-Prefix.pch";
				INFOPLIST_FILE = "Scanner/Scanner-Info.plist";
				PRODUCT_NAME = "$(TARGET_NAME)";
				WRAPPER_EXTENSION = app;
			};
			name = Release;
		};
		851A771018F8252E0000252E /* Debug */ = {
			isa = XCBuildConfiguration;
			buildSettings = {
				BUNDLE_LOADER = "$(BUILT_PRODUCTS_DIR)/Scanner.app/Scanner";
				FRAMEWORK_SEARCH_PATHS = (
					"$(SDKROOT)/Developer/Library/Frameworks",
					"$(inherited)",
					"$(DEVELOPER_FRAMEWORKS_DIR)",
				);
				GCC_PRECOMPILE_PREFIX_HEADER = YES;
				GCC_PREFIX_HEADER = "Scanner/Scanner-Prefix.pch";
				GCC_PREPROCESSOR_DEFINITIONS = (
					"DEBUG=1",
					"$(inherited)",
				);
				INFOPLIST_FILE = "ScannerTests/ScannerTests-Info.plist";
				PRODUCT_NAME = "$(TARGET_NAME)";
				TEST_HOST = "$(BUNDLE_LOADER)";
				WRAPPER_EXTENSION = xctest;
			};
			name = Debug;
		};
		851A771118F8252E0000252E /* Release */ = {
			isa = XCBuildConfiguration;
			buildSettings = {
				BUNDLE_LOADER = "$(BUILT_PRODUCTS_DIR)/Scanner.app/Scanner";
				FRAMEWORK_SEARCH_PATHS = (
					"$(SDKROOT)/Developer/Library/Frameworks",
					"$(inherited)",
					"$(DEVELOPER_FRAMEWORKS_DIR)",
				);
				GCC_PRECOMPILE_PREFIX_HEADER = YES;
				GCC_PREFIX_HEADER = "Scanner/Scanner-Prefix.pch";
				INFOPLIST_FILE = "ScannerTests/ScannerTests-Info.plist";
				PRODUCT_NAME = "$(TARGET_NAME)";
				TEST_HOST = "$(BUNDLE_LOADER)";
				WRAPPER_EXTENSION = xctest;
			};
			name = Release;
		};
/* End XCBuildConfiguration section */

/* Begin XCConfigurationList section */
		851A76D518F8252E0000252E /* Build configuration list for PBXProject "Scanner" */ = {
			isa = XCConfigurationList;
			buildConfigurations = (
				851A770A18F8252E0000252E /* Debug */,
				851A770B18F8252E0000252E /* Release */,
			);
			defaultConfigurationIsVisible = 0;
			defaultConfigurationName = Release;
		};
		851A770C18F8252E0000252E /* Build configuration list for PBXNativeTarget "Scanner" */ = {
			isa = XCConfigurationList;
			buildConfigurations = (
				851A770D18F8252E0000252E /* Debug */,
				851A770E18F8252E0000252E /* Release */,
			);
			defaultConfigurationIsVisible = 0;
		};
		851A770F18F8252E0000252E /* Build configuration list for PBXNativeTarget "ScannerTests" */ = {
			isa = XCConfigurationList;
			buildConfigurations = (
				851A771018F8252E0000252E /* Debug */,
				851A771118F8252E0000252E /* Release */,
			);
			defaultConfigurationIsVisible = 0;
		};
/* End XCConfigurationList section */
	};
	rootObject = 851A76D218F8252E0000252E /* Project object */;
}
